
Microsoft Visual Studio Solution File, Format Version 12.00
# Visual Studio Version 16
VisualStudioVersion = 16.0.30523.141
MinimumVisualStudioVersion = 10.0.40219.1
Project("{FAE04EC0-301F-11D3-BF4B-00C04F79EFBC}") = "encryptAndDecryptFile", "encryptAndDecryptFile\encryptAndDecryptFile.csproj", "{C48DDADB-672A-4570-A72F-AB442CF447B5}"
EndProject
Global
	GlobalSection(SolutionConfigurationPlatforms) = preSolution
		Debug|Any CPU = Debug|Any CPU
		Release|Any CPU = Release|Any CPU
	EndGlobalSection
	GlobalSection(ProjectConfigurationPlatforms) = postSolution
		{C48DDADB-672A-4570-A72F-AB442CF447B5}.Debug|Any CPU.ActiveCfg = Debug|Any CPU
		{C48DDADB-672A-4570-A72F-AB442CF447B5}.Debug|Any CPU.Build.0 = Debug|Any CPU
		{C48DDADB-672A-4570-A72F-AB442CF447B5}.Release|Any CPU.ActiveCfg = Release|Any CPU
		{C48DDADB-672A-4570-A72F-AB442CF447B5}.Release|Any CPU.Build.0 = Release|Any CPU
	EndGlobalSection
	GlobalSection(SolutionProperties) = preSolution
		HideSolutionNode = FALSE
	EndGlobalSection
	GlobalSection(ExtensibilityGlobals) = postSolution
		SolutionGuid = {7C83C05E-314D-4D5D-A111-7CAC29FCC976}
	EndGlobalSection
EndGlobal
